
Microsoft Visual Studio Solution File, Format Version 12.00
# Visual Studio Version 17
VisualStudioVersion = 17.8.34316.72
MinimumVisualStudioVersion = 10.0.40219.1
Project("{FAE04EC0-301F-11D3-BF4B-00C04F79EFBC}") = "Runtracker", "Runtracker\Runtracker.csproj", "{1439B84F-4E6E-44F2-BBAA-9487631971BE}"
EndProject
Global
	GlobalSection(SolutionConfigurationPlatforms) = preSolution
		Debug|Any CPU = Debug|Any CPU
		Release|Any CPU = Release|Any CPU
	EndGlobalSection
	GlobalSection(ProjectConfigurationPlatforms) = postSolution
		{1439B84F-4E6E-44F2-BBAA-9487631971BE}.Debug|Any CPU.ActiveCfg = Debug|Any CPU
		{1439B84F-4E6E-44F2-BBAA-9487631971BE}.Debug|Any CPU.Build.0 = Debug|Any CPU
		{1439B84F-4E6E-44F2-BBAA-9487631971BE}.Release|Any CPU.ActiveCfg = Release|Any CPU
		{1439B84F-4E6E-44F2-BBAA-9487631971BE}.Release|Any CPU.Build.0 = Release|Any CPU
	EndGlobalSection
	GlobalSection(SolutionProperties) = preSolution
		HideSolutionNode = FALSE
	EndGlobalSection
	GlobalSection(ExtensibilityGlobals) = postSolution
		SolutionGuid = {19F833C2-D797-4403-A363-F57071B2B16E}
	EndGlobalSection
EndGlobal
